
Microsoft Visual Studio Solution File, Format Version 12.00
# Visual Studio 14
VisualStudioVersion = 14.0.25420.1
MinimumVisualStudioVersion = 10.0.40219.1
Project("{FAE04EC0-301F-11D3-BF4B-00C04F79EFBC}") = "Students", "Students\Students.csproj", "{3242AAF7-3DE0-4B13-A45A-D1EA1FACCBCB}"
EndProject
Global
	GlobalSection(SolutionConfigurationPlatforms) = preSolution
		Debug|Any CPU = Debug|Any CPU
		Release|Any CPU = Release|Any CPU
	EndGlobalSection
	GlobalSection(ProjectConfigurationPlatforms) = postSolution
		{3242AAF7-3DE0-4B13-A45A-D1EA1FACCBCB}.Debug|Any CPU.ActiveCfg = Debug|Any CPU
		{3242AAF7-3DE0-4B13-A45A-D1EA1FACCBCB}.Debug|Any CPU.Build.0 = Debug|Any CPU
		{3242AAF7-3DE0-4B13-A45A-D1EA1FACCBCB}.Release|Any CPU.ActiveCfg = Release|Any CPU
		{3242AAF7-3DE0-4B13-A45A-D1EA1FACCBCB}.Release|Any CPU.Build.0 = Release|Any CPU
	EndGlobalSection
	GlobalSection(SolutionProperties) = preSolution
		HideSolutionNode = FALSE
	EndGlobalSection
EndGlobal
